
Microsoft Visual Studio Solution File, Format Version 12.00
# Visual Studio 15
VisualStudioVersion = 15.0.26730.16
MinimumVisualStudioVersion = 10.0.40219.1
Project("{FAE04EC0-301F-11D3-BF4B-00C04F79EFBC}") = "QuickMvvm", "QuickMvvm\QuickMvvm.csproj", "{BFB512DE-B951-4949-9DB4-B20CB4721190}"
EndProject
Global
	GlobalSection(SolutionConfigurationPlatforms) = preSolution
		Debug|Any CPU = Debug|Any CPU
		Release|Any CPU = Release|Any CPU
	EndGlobalSection
	GlobalSection(ProjectConfigurationPlatforms) = postSolution
		{BFB512DE-B951-4949-9DB4-B20CB4721190}.Debug|Any CPU.ActiveCfg = Debug|Any CPU
		{BFB512DE-B951-4949-9DB4-B20CB4721190}.Debug|Any CPU.Build.0 = Debug|Any CPU
		{BFB512DE-B951-4949-9DB4-B20CB4721190}.Release|Any CPU.ActiveCfg = Release|Any CPU
		{BFB512DE-B951-4949-9DB4-B20CB4721190}.Release|Any CPU.Build.0 = Release|Any CPU
	EndGlobalSection
	GlobalSection(SolutionProperties) = preSolution
		HideSolutionNode = FALSE
	EndGlobalSection
	GlobalSection(ExtensibilityGlobals) = postSolution
		SolutionGuid = {B9259A17-F330-45F7-A660-9C4269134DF4}
	EndGlobalSection
EndGlobal
